
Microsoft Visual Studio Solution File, Format Version 12.00
# Visual Studio 15
VisualStudioVersion = 15.0.28307.421
MinimumVisualStudioVersion = 10.0.40219.1
Project("{FAE04EC0-301F-11D3-BF4B-00C04F79EFBC}") = "Epics.Main", "Epics.Main\Epics.Main.csproj", "{0CE2ADB2-1551-4595-85A9-D562DE0078B3}"
EndProject
Global
	GlobalSection(SolutionConfigurationPlatforms) = preSolution
		Debug|Any CPU = Debug|Any CPU
		Release|Any CPU = Release|Any CPU
	EndGlobalSection
	GlobalSection(ProjectConfigurationPlatforms) = postSolution
		{0CE2ADB2-1551-4595-85A9-D562DE0078B3}.Debug|Any CPU.ActiveCfg = Debug|Any CPU
		{0CE2ADB2-1551-4595-85A9-D562DE0078B3}.Debug|Any CPU.Build.0 = Debug|Any CPU
		{0CE2ADB2-1551-4595-85A9-D562DE0078B3}.Release|Any CPU.ActiveCfg = Release|Any CPU
		{0CE2ADB2-1551-4595-85A9-D562DE0078B3}.Release|Any CPU.Build.0 = Release|Any CPU
	EndGlobalSection
	GlobalSection(SolutionProperties) = preSolution
		HideSolutionNode = FALSE
	EndGlobalSection
	GlobalSection(ExtensibilityGlobals) = postSolution
		SolutionGuid = {11BBF369-6839-4091-BB18-8B0FD7D396E8}
	EndGlobalSection
EndGlobal
